
Microsoft Visual Studio Solution File, Format Version 12.00
# Visual Studio Version 16
VisualStudioVersion = 16.0.30204.135
MinimumVisualStudioVersion = 10.0.40219.1
Project("{FAE04EC0-301F-11D3-BF4B-00C04F79EFBC}") = "WPFPrimer", "WPFPrimer\WPFPrimer.csproj", "{2E0F16B5-04BF-4F40-9576-CB6E1E7B475E}"
EndProject
Global
	GlobalSection(SolutionConfigurationPlatforms) = preSolution
		Debug|Any CPU = Debug|Any CPU
		Release|Any CPU = Release|Any CPU
	EndGlobalSection
	GlobalSection(ProjectConfigurationPlatforms) = postSolution
		{2E0F16B5-04BF-4F40-9576-CB6E1E7B475E}.Debug|Any CPU.ActiveCfg = Debug|Any CPU
		{2E0F16B5-04BF-4F40-9576-CB6E1E7B475E}.Debug|Any CPU.Build.0 = Debug|Any CPU
		{2E0F16B5-04BF-4F40-9576-CB6E1E7B475E}.Release|Any CPU.ActiveCfg = Release|Any CPU
		{2E0F16B5-04BF-4F40-9576-CB6E1E7B475E}.Release|Any CPU.Build.0 = Release|Any CPU
	EndGlobalSection
	GlobalSection(SolutionProperties) = preSolution
		HideSolutionNode = FALSE
	EndGlobalSection
	GlobalSection(ExtensibilityGlobals) = postSolution
		SolutionGuid = {6CCCEC04-6EF9-4D41-AFB5-00AABF9F3DEB}
	EndGlobalSection
EndGlobal
